// !$*UTF8*$!
{
	archiveVersion = 1;
	classes = {
	};
	objectVersion = 46;
	objects = {

/* Begin PBXBuildFile section */
		1E526CCF1F67BFDB00D5D797 /* AppDelegate.swift in Sources */ = {isa = PBXBuildFile; fileRef = 1E526CCE1F67BFDB00D5D797 /* AppDelegate.swift */; };
		1E526CD31F67BFDB00D5D797 /* Assets.xcassets in Resources */ = {isa = PBXBuildFile; fileRef = 1E526CD21F67BFDB00D5D797 /* Assets.xcassets */; };
		1E526CDE1F67C93400D5D797 /* MainMenu.xib in Resources */ = {isa = PBXBuildFile; fileRef = 1E526CDD1F67C93400D5D797 /* MainMenu.xib */; };
		1E526CE01F67CE8A00D5D797 /* MainMenuController.swift in Sources */ = {isa = PBXBuildFile; fileRef = 1E526CDF1F67CE8A00D5D797 /* MainMenuController.swift */; };
		1E526CE21F67D5BE00D5D797 /* README.md in Sources */ = {isa = PBXBuildFile; fileRef = 1E526CE11F67D5BE00D5D797 /* README.md */; };
		1E526CE41F67D5CF00D5D797 /* LICENSE in Resources */ = {isa = PBXBuildFile; fileRef = 1E526CE31F67D5CF00D5D797 /* LICENSE */; };
		1E526CE61F67DB8400D5D797 /* .gitignore in Resources */ = {isa = PBXBuildFile; fileRef = 1E526CE51F67DB8400D5D797 /* .gitignore */; };
		1E526D001F68053F00D5D797 /* KeyEvent.swift in Sources */ = {isa = PBXBuildFile; fileRef = 1E526CFF1F68053F00D5D797 /* KeyEvent.swift */; };
		1E526D111F6828F600D5D797 /* MainWindowController.swift in Sources */ = {isa = PBXBuildFile; fileRef = 1E526D0F1F6828F600D5D797 /* MainWindowController.swift */; };
		1E526D121F6828F600D5D797 /* MainWindow.xib in Resources */ = {isa = PBXBuildFile; fileRef = 1E526D101F6828F600D5D797 /* MainWindow.xib */; };
		1E526D141F69466D00D5D797 /* VisualEffectView.swift in Sources */ = {isa = PBXBuildFile; fileRef = 1E526D131F69466D00D5D797 /* VisualEffectView.swift */; };
		1E526D171F6A9A9200D5D797 /* KeyHolder.framework in Frameworks */ = {isa = PBXBuildFile; fileRef = 1E526D151F6A9A9200D5D797 /* KeyHolder.framework */; };
		1E526D181F6A9A9200D5D797 /* KeyHolder.framework in Embed Frameworks */ = {isa = PBXBuildFile; fileRef = 1E526D151F6A9A9200D5D797 /* KeyHolder.framework */; settings = {ATTRIBUTES = (CodeSignOnCopy, RemoveHeadersOnCopy, ); }; };
		1E526D191F6A9A9200D5D797 /* Magnet.framework in Frameworks */ = {isa = PBXBuildFile; fileRef = 1E526D161F6A9A9200D5D797 /* Magnet.framework */; };
		1E526D1A1F6A9A9200D5D797 /* Magnet.framework in Embed Frameworks */ = {isa = PBXBuildFile; fileRef = 1E526D161F6A9A9200D5D797 /* Magnet.framework */; settings = {ATTRIBUTES = (CodeSignOnCopy, RemoveHeadersOnCopy, ); }; };
		1E526D1E1F6A9B1C00D5D797 /* KeyHolder.framework.dSYM in CopyFiles */ = {isa = PBXBuildFile; fileRef = 1E526D1C1F6A9B1C00D5D797 /* KeyHolder.framework.dSYM */; };
		1E526D1F1F6A9B1C00D5D797 /* Magnet.framework.dSYM in CopyFiles */ = {isa = PBXBuildFile; fileRef = 1E526D1D1F6A9B1C00D5D797 /* Magnet.framework.dSYM */; };
		1E526D221F6AA3E000D5D797 /* SettingsWindowController.swift in Sources */ = {isa = PBXBuildFile; fileRef = 1E526D201F6AA3E000D5D797 /* SettingsWindowController.swift */; };
		1E526D231F6AA3E000D5D797 /* SettingsWindow.xib in Resources */ = {isa = PBXBuildFile; fileRef = 1E526D211F6AA3E000D5D797 /* SettingsWindow.xib */; };
		8E4E8BA4110F84671A3E5CFC /* Cartfile in Resources */ = {isa = PBXBuildFile; fileRef = 8E4E8A1DCAF0EF7242860E88 /* Cartfile */; };
/* End PBXBuildFile section */

/* Begin PBXCopyFilesBuildPhase section */
		1E526CFE1F67FB5B00D5D797 /* Embed Frameworks */ = {
			isa = PBXCopyFilesBuildPhase;
			buildActionMask = 2147483647;
			dstPath = "";
			dstSubfolderSpec = 10;
			files = (
				1E526D1A1F6A9A9200D5D797 /* Magnet.framework in Embed Frameworks */,
				1E526D181F6A9A9200D5D797 /* KeyHolder.framework in Embed Frameworks */,
			);
			name = "Embed Frameworks";
			runOnlyForDeploymentPostprocessing = 0;
		};
		1E526D1B1F6A9AF900D5D797 /* CopyFiles */ = {
			isa = PBXCopyFilesBuildPhase;
			buildActionMask = 2147483647;
			dstPath = "";
			dstSubfolderSpec = 16;
			files = (
				1E526D1E1F6A9B1C00D5D797 /* KeyHolder.framework.dSYM in CopyFiles */,
				1E526D1F1F6A9B1C00D5D797 /* Magnet.framework.dSYM in CopyFiles */,
			);
			runOnlyForDeploymentPostprocessing = 0;
		};
/* End PBXCopyFilesBuildPhase section */

/* Begin PBXFileReference section */
		1E526CCB1F67BFDB00D5D797 /* Mathemalpha.app */ = {isa = PBXFileReference; explicitFileType = wrapper.application; includeInIndex = 0; path = Mathemalpha.app; sourceTree = BUILT_PRODUCTS_DIR; };
		1E526CCE1F67BFDB00D5D797 /* AppDelegate.swift */ = {isa = PBXFileReference; lastKnownFileType = sourcecode.swift; path = AppDelegate.swift; sourceTree = "<group>"; };
		1E526CD21F67BFDB00D5D797 /* Assets.xcassets */ = {isa = PBXFileReference; lastKnownFileType = folder.assetcatalog; path = Assets.xcassets; sourceTree = "<group>"; };
		1E526CD71F67BFDB00D5D797 /* Info.plist */ = {isa = PBXFileReference; lastKnownFileType = text.plist.xml; path = Info.plist; sourceTree = "<group>"; };
		1E526CDD1F67C93400D5D797 /* MainMenu.xib */ = {isa = PBXFileReference; fileEncoding = 4; lastKnownFileType = file.xib; path = MainMenu.xib; sourceTree = "<group>"; };
		1E526CDF1F67CE8A00D5D797 /* MainMenuController.swift */ = {isa = PBXFileReference; fileEncoding = 4; lastKnownFileType = sourcecode.swift; path = MainMenuController.swift; sourceTree = "<group>"; };
		1E526CE11F67D5BE00D5D797 /* README.md */ = {isa = PBXFileReference; fileEncoding = 4; lastKnownFileType = net.daringfireball.markdown; path = README.md; sourceTree = "<group>"; };
		1E526CE31F67D5CF00D5D797 /* LICENSE */ = {isa = PBXFileReference; fileEncoding = 1; lastKnownFileType = text; path = LICENSE; sourceTree = "<group>"; };
		1E526CE51F67DB8400D5D797 /* .gitignore */ = {isa = PBXFileReference; fileEncoding = 4; lastKnownFileType = text; path = .gitignore; sourceTree = "<group>"; };
		1E526CFF1F68053F00D5D797 /* KeyEvent.swift */ = {isa = PBXFileReference; fileEncoding = 4; lastKnownFileType = sourcecode.swift; path = KeyEvent.swift; sourceTree = "<group>"; };
		1E526D0F1F6828F600D5D797 /* MainWindowController.swift */ = {isa = PBXFileReference; fileEncoding = 4; lastKnownFileType = sourcecode.swift; path = MainWindowController.swift; sourceTree = "<group>"; };
		1E526D101F6828F600D5D797 /* MainWindow.xib */ = {isa = PBXFileReference; fileEncoding = 4; lastKnownFileType = file.xib; path = MainWindow.xib; sourceTree = "<group>"; };
		1E526D131F69466D00D5D797 /* VisualEffectView.swift */ = {isa = PBXFileReference; fileEncoding = 4; lastKnownFileType = sourcecode.swift; path = VisualEffectView.swift; sourceTree = "<group>"; };
		1E526D151F6A9A9200D5D797 /* KeyHolder.framework */ = {isa = PBXFileReference; lastKnownFileType = wrapper.framework; name = KeyHolder.framework; path = Carthage/Build/Mac/KeyHolder.framework; sourceTree = "<group>"; };
		1E526D161F6A9A9200D5D797 /* Magnet.framework */ = {isa = PBXFileReference; lastKnownFileType = wrapper.framework; name = Magnet.framework; path = Carthage/Build/Mac/Magnet.framework; sourceTree = "<group>"; };
		1E526D1C1F6A9B1C00D5D797 /* KeyHolder.framework.dSYM */ = {isa = PBXFileReference; lastKnownFileType = wrapper.dsym; name = KeyHolder.framework.dSYM; path = Carthage/Build/Mac/KeyHolder.framework.dSYM; sourceTree = "<group>"; };
		1E526D1D1F6A9B1C00D5D797 /* Magnet.framework.dSYM */ = {isa = PBXFileReference; lastKnownFileType = wrapper.dsym; name = Magnet.framework.dSYM; path = Carthage/Build/Mac/Magnet.framework.dSYM; sourceTree = "<group>"; };
		1E526D201F6AA3E000D5D797 /* SettingsWindowController.swift */ = {isa = PBXFileReference; fileEncoding = 4; lastKnownFileType = sourcecode.swift; path = SettingsWindowController.swift; sourceTree = "<group>"; };
		1E526D211F6AA3E000D5D797 /* SettingsWindow.xib */ = {isa = PBXFileReference; fileEncoding = 4; lastKnownFileType = file.xib; path = SettingsWindow.xib; sourceTree = "<group>"; };
		8E4E8A1DCAF0EF7242860E88 /* Cartfile */ = {isa = PBXFileReference; fileEncoding = 4; lastKnownFileType = text; path = Cartfile; sourceTree = "<group>"; };
/* End PBXFileReference section */

/* Begin PBXFrameworksBuildPhase section */
		1E526CC81F67BFDB00D5D797 /* Frameworks */ = {
			isa = PBXFrameworksBuildPhase;
			buildActionMask = 2147483647;
			files = (
				1E526D191F6A9A9200D5D797 /* Magnet.framework in Frameworks */,
				1E526D171F6A9A9200D5D797 /* KeyHolder.framework in Frameworks */,
			);
			runOnlyForDeploymentPostprocessing = 0;
		};
/* End PBXFrameworksBuildPhase section */

/* Begin PBXGroup section */
		1E526CC21F67BFDB00D5D797 = {
			isa = PBXGroup;
			children = (
				1E526D1C1F6A9B1C00D5D797 /* KeyHolder.framework.dSYM */,
				1E526D1D1F6A9B1C00D5D797 /* Magnet.framework.dSYM */,
				1E526D151F6A9A9200D5D797 /* KeyHolder.framework */,
				1E526D161F6A9A9200D5D797 /* Magnet.framework */,
				1E526CE51F67DB8400D5D797 /* .gitignore */,
				1E526CE31F67D5CF00D5D797 /* LICENSE */,
				1E526CE11F67D5BE00D5D797 /* README.md */,
				1E526CCD1F67BFDB00D5D797 /* Mathemalpha */,
				1E526CCC1F67BFDB00D5D797 /* Products */,
				8E4E8A1DCAF0EF7242860E88 /* Cartfile */,
			);
			sourceTree = "<group>";
		};
		1E526CCC1F67BFDB00D5D797 /* Products */ = {
			isa = PBXGroup;
			children = (
				1E526CCB1F67BFDB00D5D797 /* Mathemalpha.app */,
			);
			name = Products;
			sourceTree = "<group>";
		};
		1E526CCD1F67BFDB00D5D797 /* Mathemalpha */ = {
			isa = PBXGroup;
			children = (
				1E526CCE1F67BFDB00D5D797 /* AppDelegate.swift */,
				1E526CD21F67BFDB00D5D797 /* Assets.xcassets */,
				1E526CD71F67BFDB00D5D797 /* Info.plist */,
				1E526CDD1F67C93400D5D797 /* MainMenu.xib */,
				1E526CDF1F67CE8A00D5D797 /* MainMenuController.swift */,
				1E526CFF1F68053F00D5D797 /* KeyEvent.swift */,
				1E526D0F1F6828F600D5D797 /* MainWindowController.swift */,
				1E526D101F6828F600D5D797 /* MainWindow.xib */,
				1E526D131F69466D00D5D797 /* VisualEffectView.swift */,
				1E526D201F6AA3E000D5D797 /* SettingsWindowController.swift */,
				1E526D211F6AA3E000D5D797 /* SettingsWindow.xib */,
			);
			path = Mathemalpha;
			sourceTree = "<group>";
		};
/* End PBXGroup section */

/* Begin PBXNativeTarget section */
		1E526CCA1F67BFDB00D5D797 /* Mathemalpha */ = {
			isa = PBXNativeTarget;
			buildConfigurationList = 1E526CDA1F67BFDB00D5D797 /* Build configuration list for PBXNativeTarget "Mathemalpha" */;
			buildPhases = (
				1E526CC71F67BFDB00D5D797 /* Sources */,
				1E526CC81F67BFDB00D5D797 /* Frameworks */,
				1E526CC91F67BFDB00D5D797 /* Resources */,
				1E526CFE1F67FB5B00D5D797 /* Embed Frameworks */,
				1E526D1B1F6A9AF900D5D797 /* CopyFiles */,
			);
			buildRules = (
			);
			dependencies = (
			);
			name = Mathemalpha;
			productName = Mathemalpha;
			productReference = 1E526CCB1F67BFDB00D5D797 /* Mathemalpha.app */;
			productType = "com.apple.product-type.application";
		};
/* End PBXNativeTarget section */

/* Begin PBXProject section */
		1E526CC31F67BFDB00D5D797 /* Project object */ = {
			isa = PBXProject;
			attributes = {
				LastSwiftUpdateCheck = 0830;
				LastUpgradeCheck = 0830;
				ORGANIZATIONNAME = "Balthild Ires";
				TargetAttributes = {
					1E526CCA1F67BFDB00D5D797 = {
						CreatedOnToolsVersion = 8.3.3;
						ProvisioningStyle = Automatic;
					};
				};
			};
			buildConfigurationList = 1E526CC61F67BFDB00D5D797 /* Build configuration list for PBXProject "Mathemalpha" */;
			compatibilityVersion = "Xcode 3.2";
			developmentRegion = English;
			hasScannedForEncodings = 0;
			knownRegions = (
				en,
				Base,
			);
			mainGroup = 1E526CC21F67BFDB00D5D797;
			productRefGroup = 1E526CCC1F67BFDB00D5D797 /* Products */;
			projectDirPath = "";
			projectRoot = "";
			targets = (
				1E526CCA1F67BFDB00D5D797 /* Mathemalpha */,
			);
		};
/* End PBXProject section */

/* Begin PBXResourcesBuildPhase section */
		1E526CC91F67BFDB00D5D797 /* Resources */ = {
			isa = PBXResourcesBuildPhase;
			buildActionMask = 2147483647;
			files = (
				1E526CE61F67DB8400D5D797 /* .gitignore in Resources */,
				1E526CE41F67D5CF00D5D797 /* LICENSE in Resources */,
				1E526CD31F67BFDB00D5D797 /* Assets.xcassets in Resources */,
				1E526D121F6828F600D5D797 /* MainWindow.xib in Resources */,
				1E526D231F6AA3E000D5D797 /* SettingsWindow.xib in Resources */,
				1E526CDE1F67C93400D5D797 /* MainMenu.xib in Resources */,
				8E4E8BA4110F84671A3E5CFC /* Cartfile in Resources */,
			);
			runOnlyForDeploymentPostprocessing = 0;
		};
/* End PBXResourcesBuildPhase section */

/* Begin PBXSourcesBuildPhase section */
		1E526CC71F67BFDB00D5D797 /* Sources */ = {
			isa = PBXSourcesBuildPhase;
			buildActionMask = 2147483647;
			files = (
				1E526CE21F67D5BE00D5D797 /* README.md in Sources */,
				1E526D221F6AA3E000D5D797 /* SettingsWindowController.swift in Sources */,
				1E526CCF1F67BFDB00D5D797 /* AppDelegate.swift in Sources */,
				1E526CE01F67CE8A00D5D797 /* MainMenuController.swift in Sources */,
				1E526D001F68053F00D5D797 /* KeyEvent.swift in Sources */,
				1E526D111F6828F600D5D797 /* MainWindowController.swift in Sources */,
				1E526D141F69466D00D5D797 /* VisualEffectView.swift in Sources */,
			);
			runOnlyForDeploymentPostprocessing = 0;
		};
/* End PBXSourcesBuildPhase section */

/* Begin XCBuildConfiguration section */
		1E526CD81F67BFDB00D5D797 /* Debug */ = {
			isa = XCBuildConfiguration;
			buildSettings = {
				ALWAYS_SEARCH_USER_PATHS = NO;
				CLANG_ANALYZER_NONNULL = YES;
				CLANG_ANALYZER_NUMBER_OBJECT_CONVERSION = YES_AGGRESSIVE;
				CLANG_CXX_LANGUAGE_STANDARD = "gnu++0x";
				CLANG_CXX_LIBRARY = "libc++";
				CLANG_ENABLE_MODULES = YES;
				CLANG_ENABLE_OBJC_ARC = YES;
				CLANG_WARN_BOOL_CONVERSION = YES;
				CLANG_WARN_CONSTANT_CONVERSION = YES;
				CLANG_WARN_DIRECT_OBJC_ISA_USAGE = YES_ERROR;
				CLANG_WARN_DOCUMENTATION_COMMENTS = YES;
				CLANG_WARN_EMPTY_BODY = YES;
				CLANG_WARN_ENUM_CONVERSION = YES;
				CLANG_WARN_INFINITE_RECURSION = YES;
				CLANG_WARN_INT_CONVERSION = YES;
				CLANG_WARN_OBJC_ROOT_CLASS = YES_ERROR;
				CLANG_WARN_SUSPICIOUS_MOVE = YES;
				CLANG_WARN_UNREACHABLE_CODE = YES;
				CLANG_WARN__DUPLICATE_METHOD_MATCH = YES;
				CODE_SIGN_IDENTITY = "-";
				COPY_PHASE_STRIP = NO;
				DEBUG_INFORMATION_FORMAT = dwarf;
				ENABLE_STRICT_OBJC_MSGSEND = YES;
				ENABLE_TESTABILITY = YES;
				GCC_C_LANGUAGE_STANDARD = gnu99;
				GCC_DYNAMIC_NO_PIC = NO;
				GCC_NO_COMMON_BLOCKS = YES;
				GCC_OPTIMIZATION_LEVEL = 0;
				GCC_PREPROCESSOR_DEFINITIONS = (
					"DEBUG=1",
					"$(inherited)",
				);
				GCC_WARN_64_TO_32_BIT_CONVERSION = YES;
				GCC_WARN_ABOUT_RETURN_TYPE = YES_ERROR;
				GCC_WARN_UNDECLARED_SELECTOR = YES;
				GCC_WARN_UNINITIALIZED_AUTOS = YES_AGGRESSIVE;
				GCC_WARN_UNUSED_FUNCTION = YES;
				GCC_WARN_UNUSED_VARIABLE = YES;
				MACOSX_DEPLOYMENT_TARGET = 10.12;
				MTL_ENABLE_DEBUG_INFO = YES;
				ONLY_ACTIVE_ARCH = YES;
				SDKROOT = macosx;
				SWIFT_ACTIVE_COMPILATION_CONDITIONS = DEBUG;
				SWIFT_OPTIMIZATION_LEVEL = "-Onone";
			};
			name = Debug;
		};
		1E526CD91F67BFDB00D5D797 /* Release */ = {
			isa = XCBuildConfiguration;
			buildSettings = {
				ALWAYS_SEARCH_USER_PATHS = NO;
				CLANG_ANALYZER_NONNULL = YES;
				CLANG_ANALYZER_NUMBER_OBJECT_CONVERSION = YES_AGGRESSIVE;
				CLANG_CXX_LANGUAGE_STANDARD = "gnu++0x";
				CLANG_CXX_LIBRARY = "libc++";
				CLANG_ENABLE_MODULES = YES;
				CLANG_ENABLE_OBJC_ARC = YES;
				CLANG_WARN_BOOL_CONVERSION = YES;
				CLANG_WARN_CONSTANT_CONVERSION = YES;
				CLANG_WARN_DIRECT_OBJC_ISA_USAGE = YES_ERROR;
				CLANG_WARN_DOCUMENTATION_COMMENTS = YES;
				CLANG_WARN_EMPTY_BODY = YES;
				CLANG_WARN_ENUM_CONVERSION = YES;
				CLANG_WARN_INFINITE_RECURSION = YES;
				CLANG_WARN_INT_CONVERSION = YES;
				CLANG_WARN_OBJC_ROOT_CLASS = YES_ERROR;
				CLANG_WARN_SUSPICIOUS_MOVE = YES;
				CLANG_WARN_UNREACHABLE_CODE = YES;
				CLANG_WARN__DUPLICATE_METHOD_MATCH = YES;
				CODE_SIGN_IDENTITY = "-";
				COPY_PHASE_STRIP = NO;
				DEBUG_INFORMATION_FORMAT = "dwarf-with-dsym";
				ENABLE_NS_ASSERTIONS = NO;
				ENABLE_STRICT_OBJC_MSGSEND = YES;
				GCC_C_LANGUAGE_STANDARD = gnu99;
				GCC_NO_COMMON_BLOCKS = YES;
				GCC_WARN_64_TO_32_BIT_CONVERSION = YES;
				GCC_WARN_ABOUT_RETURN_TYPE = YES_ERROR;
				GCC_WARN_UNDECLARED_SELECTOR = YES;
				GCC_WARN_UNINITIALIZED_AUTOS = YES_AGGRESSIVE;
				GCC_WARN_UNUSED_FUNCTION = YES;
				GCC_WARN_UNUSED_VARIABLE = YES;
				MACOSX_DEPLOYMENT_TARGET = 10.12;
				MTL_ENABLE_DEBUG_INFO = NO;
				SDKROOT = macosx;
				SWIFT_OPTIMIZATION_LEVEL = "-Owholemodule";
			};
			name = Release;
		};
		1E526CDB1F67BFDB00D5D797 /* Debug */ = {
			isa = XCBuildConfiguration;
			buildSettings = {
				ASSETCATALOG_COMPILER_APPICON_NAME = AppIcon;
				COMBINE_HIDPI_IMAGES = YES;
				FRAMEWORK_SEARCH_PATHS = (
					"$(inherited)",
					"$(PROJECT_DIR)/Carthage/Build/Mac",
				);
				INFOPLIST_FILE = Mathemalpha/Info.plist;
				LD_RUNPATH_SEARCH_PATHS = "$(inherited) @executable_path/../Frameworks";
				OTHER_SWIFT_FLAGS = "-D DEBUG";
				PRODUCT_BUNDLE_IDENTIFIER = com.balthild.Mathemalpha;
				PRODUCT_NAME = "$(TARGET_NAME)";
				SWIFT_VERSION = 3.0;
			};
			name = Debug;
		};
		1E526CDC1F67BFDB00D5D797 /* Release */ = {
			isa = XCBuildConfiguration;
			buildSettings = {
				ASSETCATALOG_COMPILER_APPICON_NAME = AppIcon;
				COMBINE_HIDPI_IMAGES = YES;
				FRAMEWORK_SEARCH_PATHS = (
					"$(inherited)",
					"$(PROJECT_DIR)/Carthage/Build/Mac",
				);
				INFOPLIST_FILE = Mathemalpha/Info.plist;
				LD_RUNPATH_SEARCH_PATHS = "$(inherited) @executable_path/../Frameworks";
				PRODUCT_BUNDLE_IDENTIFIER = com.balthild.Mathemalpha;
				PRODUCT_NAME = "$(TARGET_NAME)";
				SWIFT_VERSION = 3.0;
			};
			name = Release;
		};
/* End XCBuildConfiguration section */

/* Begin XCConfigurationList section */
		1E526CC61F67BFDB00D5D797 /* Build configuration list for PBXProject "Mathemalpha" */ = {
			isa = XCConfigurationList;
			buildConfigurations = (
				1E526CD81F67BFDB00D5D797 /* Debug */,
				1E526CD91F67BFDB00D5D797 /* Release */,
			);
			defaultConfigurationIsVisible = 0;
			defaultConfigurationName = Release;
		};
		1E526CDA1F67BFDB00D5D797 /* Build configuration list for PBXNativeTarget "Mathemalpha" */ = {
			isa = XCConfigurationList;
			buildConfigurations = (
				1E526CDB1F67BFDB00D5D797 /* Debug */,
				1E526CDC1F67BFDB00D5D797 /* Release */,
			);
			defaultConfigurationIsVisible = 0;
			defaultConfigurationName = Release;
		};
/* End XCConfigurationList section */
	};
	rootObject = 1E526CC31F67BFDB00D5D797 /* Project object */;
}
